
Microsoft Visual Studio Solution File, Format Version 12.00
# Visual Studio Version 16
VisualStudioVersion = 16.0.30011.22
MinimumVisualStudioVersion = 10.0.40219.1
Project("{FAE04EC0-301F-11D3-BF4B-00C04F79EFBC}") = "Capstone 2 Tasking list VK GC April 2020", "Capstone 2 Tasking list VK GC April 2020\Capstone 2 Tasking list VK GC April 2020.csproj", "{14E4D960-EFF1-4151-9C05-17057178E980}"
EndProject
Global
	GlobalSection(SolutionConfigurationPlatforms) = preSolution
		Debug|Any CPU = Debug|Any CPU
		Release|Any CPU = Release|Any CPU
	EndGlobalSection
	GlobalSection(ProjectConfigurationPlatforms) = postSolution
		{14E4D960-EFF1-4151-9C05-17057178E980}.Debug|Any CPU.ActiveCfg = Debug|Any CPU
		{14E4D960-EFF1-4151-9C05-17057178E980}.Debug|Any CPU.Build.0 = Debug|Any CPU
		{14E4D960-EFF1-4151-9C05-17057178E980}.Release|Any CPU.ActiveCfg = Release|Any CPU
		{14E4D960-EFF1-4151-9C05-17057178E980}.Release|Any CPU.Build.0 = Release|Any CPU
	EndGlobalSection
	GlobalSection(SolutionProperties) = preSolution
		HideSolutionNode = FALSE
	EndGlobalSection
	GlobalSection(ExtensibilityGlobals) = postSolution
		SolutionGuid = {7D107584-2444-4C26-8089-6738643CFCCF}
	EndGlobalSection
EndGlobal
